Microsoft Visual Studio Solution File, Format Version 11.00
# Visual Studio 2008

Project("{A9FC953B-37F2-B2EF-2FD1-D97CF9EC8B69}") = "UnityThirdPersonController", "Assembly-CSharp.csproj", "{089D5CE7-C4D6-0BDF-A991-39C72DDD5C8B}"
EndProject
Project("{A9FC953B-37F2-B2EF-2FD1-D97CF9EC8B69}") = "UnityThirdPersonController", "Assembly-CSharp-Editor.csproj", "{888AFC72-465B-3FC5-F74B-BA7AEA384DFC}"
EndProject
Global
	GlobalSection(SolutionConfigurationPlatforms) = preSolution
		Debug|Any CPU = Debug|Any CPU
		Release|Any CPU = Release|Any CPU
	EndGlobalSection
	GlobalSection(ProjectConfigurationPlatforms) = postSolution
		{089D5CE7-C4D6-0BDF-A991-39C72DDD5C8B}.Debug|Any CPU.ActiveCfg = Debug|Any CPU
		{089D5CE7-C4D6-0BDF-A991-39C72DDD5C8B}.Debug|Any CPU.Build.0 = Debug|Any CPU
		{089D5CE7-C4D6-0BDF-A991-39C72DDD5C8B}.Release|Any CPU.ActiveCfg = Release|Any CPU
		{089D5CE7-C4D6-0BDF-A991-39C72DDD5C8B}.Release|Any CPU.Build.0 = Release|Any CPU
		{888AFC72-465B-3FC5-F74B-BA7AEA384DFC}.Debug|Any CPU.ActiveCfg = Debug|Any CPU
		{888AFC72-465B-3FC5-F74B-BA7AEA384DFC}.Debug|Any CPU.Build.0 = Debug|Any CPU
		{888AFC72-465B-3FC5-F74B-BA7AEA384DFC}.Release|Any CPU.ActiveCfg = Release|Any CPU
		{888AFC72-465B-3FC5-F74B-BA7AEA384DFC}.Release|Any CPU.Build.0 = Release|Any CPU
	EndGlobalSection
	GlobalSection(SolutionProperties) = preSolution
		HideSolutionNode = FALSE
	EndGlobalSection
	GlobalSection(MonoDevelopProperties) = preSolution
		StartupItem = Assembly-CSharp.csproj
		Policies = $0
		$0.TextStylePolicy = $1
		$1.inheritsSet = null
		$1.scope = text/x-csharp
		$0.CSharpFormattingPolicy = $2
		$2.inheritsSet = Mono
		$2.inheritsScope = text/x-csharp
		$2.scope = text/x-csharp
		$0.TextStylePolicy = $3
		$3.FileWidth = 120
		$3.TabWidth = 4
		$3.IndentWidth = 4
		$3.EolMarker = Unix
		$3.inheritsSet = Mono
		$3.inheritsScope = text/plain
		$3.scope = text/plain
	EndGlobalSection
EndGlobal
